// !$*UTF8*$!
{
	archiveVersion = 1;
	classes = {
	};
	objectVersion = 46;
	objects = {

/* Begin PBXBuildFile section */
		3A2740651B532E3100103493 /* main.m in Sources */ = {isa = PBXBuildFile; fileRef = 3A2740641B532E3100103493 /* main.m */; };
		3A2740681B532E3100103493 /* AppDelegate.m in Sources */ = {isa = PBXBuildFile; fileRef = 3A2740671B532E3100103493 /* AppDelegate.m */; };
		3A27406B1B532E3100103493 /* ViewController.m in Sources */ = {isa = PBXBuildFile; fileRef = 3A27406A1B532E3100103493 /* ViewController.m */; };
		3A27406E1B532E3100103493 /* Main.storyboard in Resources */ = {isa = PBXBuildFile; fileRef = 3A27406C1B532E3100103493 /* Main.storyboard */; };
		3A2740701B532E3100103493 /* Images.xcassets in Resources */ = {isa = PBXBuildFile; fileRef = 3A27406F1B532E3100103493 /* Images.xcassets */; };
		3A2740731B532E3100103493 /* LaunchScreen.xib in Resources */ = {isa = PBXBuildFile; fileRef = 3A2740711B532E3100103493 /* LaunchScreen.xib */; };
		3A27407F1B532E3100103493 /* testProjectTests.m in Sources */ = {isa = PBXBuildFile; fileRef = 3A27407E1B532E3100103493 /* testProjectTests.m */; };
		3A2740891B533CC900103493 /* SomeTest.m in Sources */ = {isa = PBXBuildFile; fileRef = 3A2740881B533CC900103493 /* SomeTest.m */; };
/* End PBXBuildFile section */

/* Begin PBXContainerItemProxy section */
		3A2740791B532E3100103493 /* PBXContainerItemProxy */ = {
			isa = PBXContainerItemProxy;
			containerPortal = 3A2740571B532E3000103493 /* Project object */;
			proxyType = 1;
			remoteGlobalIDString = 3A27405E1B532E3100103493;
			remoteInfo = testProject;
		};
/* End PBXContainerItemProxy section */

/* Begin PBXFileReference section */
		3A27405F1B532E3100103493 /* testProject.app */ = {isa = PBXFileReference; explicitFileType = wrapper.application; includeInIndex = 0; path = testProject.app; sourceTree = BUILT_PRODUCTS_DIR; };
		3A2740631B532E3100103493 /* Info.plist */ = {isa = PBXFileReference; lastKnownFileType = text.plist.xml; path = Info.plist; sourceTree = "<group>"; };
		3A2740641B532E3100103493 /* main.m */ = {isa = PBXFileReference; lastKnownFileType = sourcecode.c.objc; path = main.m; sourceTree = "<group>"; };
		3A2740661B532E3100103493 /* AppDelegate.h */ = {isa = PBXFileReference; lastKnownFileType = sourcecode.c.h; path = AppDelegate.h; sourceTree = "<group>"; };
		3A2740671B532E3100103493 /* AppDelegate.m */ = {isa = PBXFileReference; lastKnownFileType = sourcecode.c.objc; path = AppDelegate.m; sourceTree = "<group>"; };
		3A2740691B532E3100103493 /* ViewController.h */ = {isa = PBXFileReference; lastKnownFileType = sourcecode.c.h; path = ViewController.h; sourceTree = "<group>"; };
		3A27406A1B532E3100103493 /* ViewController.m */ = {isa = PBXFileReference; lastKnownFileType = sourcecode.c.objc; path = ViewController.m; sourceTree = "<group>"; };
		3A27406D1B532E3100103493 /* Base */ = {isa = PBXFileReference; lastKnownFileType = file.storyboard; name = Base; path = Base.lproj/Main.storyboard; sourceTree = "<group>"; };
		3A27406F1B532E3100103493 /* Images.xcassets */ = {isa = PBXFileReference; lastKnownFileType = folder.assetcatalog; path = Images.xcassets; sourceTree = "<group>"; };
		3A2740721B532E3100103493 /* Base */ = {isa = PBXFileReference; lastKnownFileType = file.xib; name = Base; path = Base.lproj/LaunchScreen.xib; sourceTree = "<group>"; };
		3A2740781B532E3100103493 /* testProjectTests.xctest */ = {isa = PBXFileReference; explicitFileType = wrapper.cfbundle; includeInIndex = 0; path = testProjectTests.xctest; sourceTree = BUILT_PRODUCTS_DIR; };
		3A27407D1B532E3100103493 /* Info.plist */ = {isa = PBXFileReference; lastKnownFileType = text.plist.xml; path = Info.plist; sourceTree = "<group>"; };
		3A27407E1B532E3100103493 /* testProjectTests.m */ = {isa = PBXFileReference; lastKnownFileType = sourcecode.c.objc; path = testProjectTests.m; sourceTree = "<group>"; };
		3A2740881B533CC900103493 /* SomeTest.m */ = {isa = PBXFileReference; fileEncoding = 4; lastKnownFileType = sourcecode.c.objc; path = SomeTest.m; sourceTree = "<group>"; };
/* End PBXFileReference section */

/* Begin PBXFrameworksBuildPhase section */
		3A27405C1B532E3100103493 /* Frameworks */ = {
			isa = PBXFrameworksBuildPhase;
			buildActionMask = 2147483647;
			files = (
			);
			runOnlyForDeploymentPostprocessing = 0;
		};
		3A2740751B532E3100103493 /* Frameworks */ = {
			isa = PBXFrameworksBuildPhase;
			buildActionMask = 2147483647;
			files = (
			);
			runOnlyForDeploymentPostprocessing = 0;
		};
/* End PBXFrameworksBuildPhase section */

/* Begin PBXGroup section */
		3A2740561B532E3000103493 = {
			isa = PBXGroup;
			children = (
				3A2740611B532E3100103493 /* testProject */,
				3A27407B1B532E3100103493 /* testProjectTests */,
				3A2740601B532E3100103493 /* Products */,
			);
			sourceTree = "<group>";
		};
		3A2740601B532E3100103493 /* Products */ = {
			isa = PBXGroup;
			children = (
				3A27405F1B532E3100103493 /* testProject.app */,
				3A2740781B532E3100103493 /* testProjectTests.xctest */,
			);
			name = Products;
			sourceTree = "<group>";
		};
		3A2740611B532E3100103493 /* testProject */ = {
			isa = PBXGroup;
			children = (
				3A2740661B532E3100103493 /* AppDelegate.h */,
				3A2740671B532E3100103493 /* AppDelegate.m */,
				3A2740691B532E3100103493 /* ViewController.h */,
				3A27406A1B532E3100103493 /* ViewController.m */,
				3A27406C1B532E3100103493 /* Main.storyboard */,
				3A27406F1B532E3100103493 /* Images.xcassets */,
				3A2740711B532E3100103493 /* LaunchScreen.xib */,
				3A2740621B532E3100103493 /* Supporting Files */,
			);
			path = testProject;
			sourceTree = "<group>";
		};
		3A2740621B532E3100103493 /* Supporting Files */ = {
			isa = PBXGroup;
			children = (
				3A2740631B532E3100103493 /* Info.plist */,
				3A2740641B532E3100103493 /* main.m */,
			);
			name = "Supporting Files";
			sourceTree = "<group>";
		};
		3A27407B1B532E3100103493 /* testProjectTests */ = {
			isa = PBXGroup;
			children = (
				3A27407E1B532E3100103493 /* testProjectTests.m */,
				3A27407C1B532E3100103493 /* Supporting Files */,
				3A2740881B533CC900103493 /* SomeTest.m */,
			);
			path = testProjectTests;
			sourceTree = "<group>";
		};
		3A27407C1B532E3100103493 /* Supporting Files */ = {
			isa = PBXGroup;
			children = (
				3A27407D1B532E3100103493 /* Info.plist */,
			);
			name = "Supporting Files";
			sourceTree = "<group>";
		};
/* End PBXGroup section */

/* Begin PBXNativeTarget section */
		3A27405E1B532E3100103493 /* testProject */ = {
			isa = PBXNativeTarget;
			buildConfigurationList = 3A2740821B532E3100103493 /* Build configuration list for PBXNativeTarget "testProject" */;
			buildPhases = (
				3A27405B1B532E3100103493 /* Sources */,
				3A27405C1B532E3100103493 /* Frameworks */,
				3A27405D1B532E3100103493 /* Resources */,
			);
			buildRules = (
			);
			dependencies = (
			);
			name = testProject;
			productName = testProject;
			productReference = 3A27405F1B532E3100103493 /* testProject.app */;
			productType = "com.apple.product-type.application";
		};
		3A2740771B532E3100103493 /* testProjectTests */ = {
			isa = PBXNativeTarget;
			buildConfigurationList = 3A2740851B532E3100103493 /* Build configuration list for PBXNativeTarget "testProjectTests" */;
			buildPhases = (
				3A2740741B532E3100103493 /* Sources */,
				3A2740751B532E3100103493 /* Frameworks */,
				3A2740761B532E3100103493 /* Resources */,
			);
			buildRules = (
			);
			dependencies = (
				3A27407A1B532E3100103493 /* PBXTargetDependency */,
			);
			name = testProjectTests;
			productName = testProjectTests;
			productReference = 3A2740781B532E3100103493 /* testProjectTests.xctest */;
			productType = "com.apple.product-type.bundle.unit-test";
		};
/* End PBXNativeTarget section */

/* Begin PBXProject section */
		3A2740571B532E3000103493 /* Project object */ = {
			isa = PBXProject;
			attributes = {
				LastUpgradeCheck = 0640;
				ORGANIZATIONNAME = noNameCompany;
				TargetAttributes = {
					3A27405E1B532E3100103493 = {
						CreatedOnToolsVersion = 6.4;
					};
					3A2740771B532E3100103493 = {
						CreatedOnToolsVersion = 6.4;
						TestTargetID = 3A27405E1B532E3100103493;
					};
				};
			};
			buildConfigurationList = 3A27405A1B532E3000103493 /* Build configuration list for PBXProject "testProject" */;
			compatibilityVersion = "Xcode 3.2";
			developmentRegion = English;
			hasScannedForEncodings = 0;
			knownRegions = (
				en,
				Base,
			);
			mainGroup = 3A2740561B532E3000103493;
			productRefGroup = 3A2740601B532E3100103493 /* Products */;
			projectDirPath = "";
			projectRoot = "";
			targets = (
				3A27405E1B532E3100103493 /* testProject */,
				3A2740771B532E3100103493 /* testProjectTests */,
			);
		};
/* End PBXProject section */

/* Begin PBXResourcesBuildPhase section */
		3A27405D1B532E3100103493 /* Resources */ = {
			isa = PBXResourcesBuildPhase;
			buildActionMask = 2147483647;
			files = (
				3A27406E1B532E3100103493 /* Main.storyboard in Resources */,
				3A2740731B532E3100103493 /* LaunchScreen.xib in Resources */,
				3A2740701B532E3100103493 /* Images.xcassets in Resources */,
			);
			runOnlyForDeploymentPostprocessing = 0;
		};
		3A2740761B532E3100103493 /* Resources */ = {
			isa = PBXResourcesBuildPhase;
			buildActionMask = 2147483647;
			files = (
			);
			runOnlyForDeploymentPostprocessing = 0;
		};
/* End PBXResourcesBuildPhase section */

/* Begin PBXSourcesBuildPhase section */
		3A27405B1B532E3100103493 /* Sources */ = {
			isa = PBXSourcesBuildPhase;
			buildActionMask = 2147483647;
			files = (
				3A27406B1B532E3100103493 /* ViewController.m in Sources */,
				3A2740681B532E3100103493 /* AppDelegate.m in Sources */,
				3A2740651B532E3100103493 /* main.m in Sources */,
			);
			runOnlyForDeploymentPostprocessing = 0;
		};
		3A2740741B532E3100103493 /* Sources */ = {
			isa = PBXSourcesBuildPhase;
			buildActionMask = 2147483647;
			files = (
				3A27407F1B532E3100103493 /* testProjectTests.m in Sources */,
				3A2740891B533CC900103493 /* SomeTest.m in Sources */,
			);
			runOnlyForDeploymentPostprocessing = 0;
		};
/* End PBXSourcesBuildPhase section */

/* Begin PBXTargetDependency section */
		3A27407A1B532E3100103493 /* PBXTargetDependency */ = {
			isa = PBXTargetDependency;
			target = 3A27405E1B532E3100103493 /* testProject */;
			targetProxy = 3A2740791B532E3100103493 /* PBXContainerItemProxy */;
		};
/* End PBXTargetDependency section */

/* Begin PBXVariantGroup section */
		3A27406C1B532E3100103493 /* Main.storyboard */ = {
			isa = PBXVariantGroup;
			children = (
				3A27406D1B532E3100103493 /* Base */,
			);
			name = Main.storyboard;
			sourceTree = "<group>";
		};
		3A2740711B532E3100103493 /* LaunchScreen.xib */ = {
			isa = PBXVariantGroup;
			children = (
				3A2740721B532E3100103493 /* Base */,
			);
			name = LaunchScreen.xib;
			sourceTree = "<group>";
		};
/* End PBXVariantGroup section */

/* Begin XCBuildConfiguration section */
		3A2740801B532E3100103493 /* Debug */ = {
			isa = XCBuildConfiguration;
			buildSettings = {
				ALWAYS_SEARCH_USER_PATHS = NO;
				CLANG_CXX_LANGUAGE_STANDARD = "gnu++0x";
				CLANG_CXX_LIBRARY = "libc++";
				CLANG_ENABLE_MODULES = YES;
				CLANG_ENABLE_OBJC_ARC = YES;
				CLANG_WARN_BOOL_CONVERSION = YES;
				CLANG_WARN_CONSTANT_CONVERSION = YES;
				CLANG_WARN_DIRECT_OBJC_ISA_USAGE = YES_ERROR;
				CLANG_WARN_EMPTY_BODY = YES;
				CLANG_WARN_ENUM_CONVERSION = YES;
				CLANG_WARN_INT_CONVERSION = YES;
				CLANG_WARN_OBJC_ROOT_CLASS = YES_ERROR;
				CLANG_WARN_UNREACHABLE_CODE = YES;
				CLANG_WARN__DUPLICATE_METHOD_MATCH = YES;
				"CODE_SIGN_IDENTITY[sdk=iphoneos*]" = "iPhone Developer";
				COPY_PHASE_STRIP = NO;
				DEBUG_INFORMATION_FORMAT = "dwarf-with-dsym";
				ENABLE_STRICT_OBJC_MSGSEND = YES;
				GCC_C_LANGUAGE_STANDARD = gnu99;
				GCC_DYNAMIC_NO_PIC = NO;
				GCC_NO_COMMON_BLOCKS = YES;
				GCC_OPTIMIZATION_LEVEL = 0;
				GCC_PREPROCESSOR_DEFINITIONS = (
					"DEBUG=1",
					"$(inherited)",
				);
				GCC_SYMBOLS_PRIVATE_EXTERN = NO;
				GCC_WARN_64_TO_32_BIT_CONVERSION = YES;
				GCC_WARN_ABOUT_RETURN_TYPE = YES_ERROR;
				GCC_WARN_UNDECLARED_SELECTOR = YES;
				GCC_WARN_UNINITIALIZED_AUTOS = YES_AGGRESSIVE;
				GCC_WARN_UNUSED_FUNCTION = YES;
				GCC_WARN_UNUSED_VARIABLE = YES;
				IPHONEOS_DEPLOYMENT_TARGET = 8.4;
				MTL_ENABLE_DEBUG_INFO = YES;
				ONLY_ACTIVE_ARCH = YES;
				SDKROOT = iphoneos;
				TARGETED_DEVICE_FAMILY = "1,2";
			};
			name = Debug;
		};
		3A2740811B532E3100103493 /* Release */ = {
			isa = XCBuildConfiguration;
			buildSettings = {
				ALWAYS_SEARCH_USER_PATHS = NO;
				CLANG_CXX_LANGUAGE_STANDARD = "gnu++0x";
				CLANG_CXX_LIBRARY = "libc++";
				CLANG_ENABLE_MODULES = YES;
				CLANG_ENABLE_OBJC_ARC = YES;
				CLANG_WARN_BOOL_CONVERSION = YES;
				CLANG_WARN_CONSTANT_CONVERSION = YES;
				CLANG_WARN_DIRECT_OBJC_ISA_USAGE = YES_ERROR;
				CLANG_WARN_EMPTY_BODY = YES;
				CLANG_WARN_ENUM_CONVERSION = YES;
				CLANG_WARN_INT_CONVERSION = YES;
				CLANG_WARN_OBJC_ROOT_CLASS = YES_ERROR;
				CLANG_WARN_UNREACHABLE_CODE = YES;
				CLANG_WARN__DUPLICATE_METHOD_MATCH = YES;
				"CODE_SIGN_IDENTITY[sdk=iphoneos*]" = "iPhone Developer";
				COPY_PHASE_STRIP = NO;
				DEBUG_INFORMATION_FORMAT = "dwarf-with-dsym";
				ENABLE_NS_ASSERTIONS = NO;
				ENABLE_STRICT_OBJC_MSGSEND = YES;
				GCC_C_LANGUAGE_STANDARD = gnu99;
				GCC_NO_COMMON_BLOCKS = YES;
				GCC_WARN_64_TO_32_BIT_CONVERSION = YES;
				GCC_WARN_ABOUT_RETURN_TYPE = YES_ERROR;
				GCC_WARN_UNDECLARED_SELECTOR = YES;
				GCC_WARN_UNINITIALIZED_AUTOS = YES_AGGRESSIVE;
				GCC_WARN_UNUSED_FUNCTION = YES;
				GCC_WARN_UNUSED_VARIABLE = YES;
				IPHONEOS_DEPLOYMENT_TARGET = 8.4;
				MTL_ENABLE_DEBUG_INFO = NO;
				SDKROOT = iphoneos;
				TARGETED_DEVICE_FAMILY = "1,2";
				VALIDATE_PRODUCT = YES;
			};
			name = Release;
		};
		3A2740831B532E3100103493 /* Debug */ = {
			isa = XCBuildConfiguration;
			buildSettings = {
				ASSETCATALOG_COMPILER_APPICON_NAME = AppIcon;
				INFOPLIST_FILE = testProject/Info.plist;
				LD_RUNPATH_SEARCH_PATHS = "$(inherited) @executable_path/Frameworks";
				PRODUCT_NAME = "$(TARGET_NAME)";
			};
			name = Debug;
		};
		3A2740841B532E3100103493 /* Release */ = {
			isa = XCBuildConfiguration;
			buildSettings = {
				ASSETCATALOG_COMPILER_APPICON_NAME = AppIcon;
				INFOPLIST_FILE = testProject/Info.plist;
				LD_RUNPATH_SEARCH_PATHS = "$(inherited) @executable_path/Frameworks";
				PRODUCT_NAME = "$(TARGET_NAME)";
			};
			name = Release;
		};
		3A2740861B532E3100103493 /* Debug */ = {
			isa = XCBuildConfiguration;
			buildSettings = {
				BUNDLE_LOADER = "$(TEST_HOST)";
				FRAMEWORK_SEARCH_PATHS = (
					"$(SDKROOT)/Developer/Library/Frameworks",
					"$(inherited)",
				);
				GCC_PREPROCESSOR_DEFINITIONS = (
					"DEBUG=1",
					"$(inherited)",
				);
				INFOPLIST_FILE = testProjectTests/Info.plist;
				LD_RUNPATH_SEARCH_PATHS = "$(inherited) @executable_path/Frameworks @loader_path/Frameworks";
				PRODUCT_NAME = "$(TARGET_NAME)";
				TEST_HOST = "$(BUILT_PRODUCTS_DIR)/testProject.app/testProject";
			};
			name = Debug;
		};
		3A2740871B532E3100103493 /* Release */ = {
			isa = XCBuildConfiguration;
			buildSettings = {
				BUNDLE_LOADER = "$(TEST_HOST)";
				FRAMEWORK_SEARCH_PATHS = (
					"$(SDKROOT)/Developer/Library/Frameworks",
					"$(inherited)",
				);
				INFOPLIST_FILE = testProjectTests/Info.plist;
				LD_RUNPATH_SEARCH_PATHS = "$(inherited) @executable_path/Frameworks @loader_path/Frameworks";
				PRODUCT_NAME = "$(TARGET_NAME)";
				TEST_HOST = "$(BUILT_PRODUCTS_DIR)/testProject.app/testProject";
			};
			name = Release;
		};
/* End XCBuildConfiguration section */

/* Begin XCConfigurationList section */
		3A27405A1B532E3000103493 /* Build configuration list for PBXProject "testProject" */ = {
			isa = XCConfigurationList;
			buildConfigurations = (
				3A2740801B532E3100103493 /* Debug */,
				3A2740811B532E3100103493 /* Release */,
			);
			defaultConfigurationIsVisible = 0;
			defaultConfigurationName = Release;
		};
		3A2740821B532E3100103493 /* Build configuration list for PBXNativeTarget "testProject" */ = {
			isa = XCConfigurationList;
			buildConfigurations = (
				3A2740831B532E3100103493 /* Debug */,
				3A2740841B532E3100103493 /* Release */,
			);
			defaultConfigurationIsVisible = 0;
			defaultConfigurationName = Release;
		};
		3A2740851B532E3100103493 /* Build configuration list for PBXNativeTarget "testProjectTests" */ = {
			isa = XCConfigurationList;
			buildConfigurations = (
				3A2740861B532E3100103493 /* Debug */,
				3A2740871B532E3100103493 /* Release */,
			);
			defaultConfigurationIsVisible = 0;
			defaultConfigurationName = Release;
		};
/* End XCConfigurationList section */
	};
	rootObject = 3A2740571B532E3000103493 /* Project object */;
}
